
Microsoft Visual Studio Solution File, Format Version 12.00
# Visual Studio 14
VisualStudioVersion = 14.0.25123.0
MinimumVisualStudioVersion = 10.0.40219.1
Project("{FAE04EC0-301F-11D3-BF4B-00C04F79EFBC}") = "DataStructures", "DataStructures\DataStructures.csproj", "{AD3A9F87-9D84-40BE-A2AD-53A9860E03B1}"
EndProject
Project("{FAE04EC0-301F-11D3-BF4B-00C04F79EFBC}") = "TestDataStructures", "TestDataStructures\TestDataStructures.csproj", "{067456C0-086C-46A8-B37F-1405717B7BFC}"
	ProjectSection(ProjectDependencies) = postProject
		{AD3A9F87-9D84-40BE-A2AD-53A9860E03B1} = {AD3A9F87-9D84-40BE-A2AD-53A9860E03B1}
	EndProjectSection
EndProject
Global
	GlobalSection(SolutionConfigurationPlatforms) = preSolution
		Debug|Any CPU = Debug|Any CPU
		Debug|ARM = Debug|ARM
		Debug|x64 = Debug|x64
		Debug|x86 = Debug|x86
		Release|Any CPU = Release|Any CPU
		Release|ARM = Release|ARM
		Release|x64 = Release|x64
		Release|x86 = Release|x86
	EndGlobalSection
	GlobalSection(ProjectConfigurationPlatforms) = postSolution
		{AD3A9F87-9D84-40BE-A2AD-53A9860E03B1}.Debug|Any CPU.ActiveCfg = Debug|Any CPU
		{AD3A9F87-9D84-40BE-A2AD-53A9860E03B1}.Debug|Any CPU.Build.0 = Debug|Any CPU
		{AD3A9F87-9D84-40BE-A2AD-53A9860E03B1}.Debug|ARM.ActiveCfg = Debug|Any CPU
		{AD3A9F87-9D84-40BE-A2AD-53A9860E03B1}.Debug|ARM.Build.0 = Debug|Any CPU
		{AD3A9F87-9D84-40BE-A2AD-53A9860E03B1}.Debug|x64.ActiveCfg = Debug|Any CPU
		{AD3A9F87-9D84-40BE-A2AD-53A9860E03B1}.Debug|x64.Build.0 = Debug|Any CPU
		{AD3A9F87-9D84-40BE-A2AD-53A9860E03B1}.Debug|x86.ActiveCfg = Debug|Any CPU
		{AD3A9F87-9D84-40BE-A2AD-53A9860E03B1}.Debug|x86.Build.0 = Debug|Any CPU
		{AD3A9F87-9D84-40BE-A2AD-53A9860E03B1}.Release|Any CPU.ActiveCfg = Release|Any CPU
		{AD3A9F87-9D84-40BE-A2AD-53A9860E03B1}.Release|Any CPU.Build.0 = Release|Any CPU
		{AD3A9F87-9D84-40BE-A2AD-53A9860E03B1}.Release|ARM.ActiveCfg = Release|Any CPU
		{AD3A9F87-9D84-40BE-A2AD-53A9860E03B1}.Release|ARM.Build.0 = Release|Any CPU
		{AD3A9F87-9D84-40BE-A2AD-53A9860E03B1}.Release|x64.ActiveCfg = Release|Any CPU
		{AD3A9F87-9D84-40BE-A2AD-53A9860E03B1}.Release|x64.Build.0 = Release|Any CPU
		{AD3A9F87-9D84-40BE-A2AD-53A9860E03B1}.Release|x86.ActiveCfg = Release|Any CPU
		{AD3A9F87-9D84-40BE-A2AD-53A9860E03B1}.Release|x86.Build.0 = Release|Any CPU
		{067456C0-086C-46A8-B37F-1405717B7BFC}.Debug|Any CPU.ActiveCfg = Debug|Any CPU
		{067456C0-086C-46A8-B37F-1405717B7BFC}.Debug|Any CPU.Build.0 = Debug|Any CPU
		{067456C0-086C-46A8-B37F-1405717B7BFC}.Debug|ARM.ActiveCfg = Debug|Any CPU
		{067456C0-086C-46A8-B37F-1405717B7BFC}.Debug|ARM.Build.0 = Debug|Any CPU
		{067456C0-086C-46A8-B37F-1405717B7BFC}.Debug|x64.ActiveCfg = Debug|Any CPU
		{067456C0-086C-46A8-B37F-1405717B7BFC}.Debug|x64.Build.0 = Debug|Any CPU
		{067456C0-086C-46A8-B37F-1405717B7BFC}.Debug|x86.ActiveCfg = Debug|Any CPU
		{067456C0-086C-46A8-B37F-1405717B7BFC}.Debug|x86.Build.0 = Debug|Any CPU
		{067456C0-086C-46A8-B37F-1405717B7BFC}.Release|Any CPU.ActiveCfg = Release|Any CPU
		{067456C0-086C-46A8-B37F-1405717B7BFC}.Release|Any CPU.Build.0 = Release|Any CPU
		{067456C0-086C-46A8-B37F-1405717B7BFC}.Release|ARM.ActiveCfg = Release|Any CPU
		{067456C0-086C-46A8-B37F-1405717B7BFC}.Release|ARM.Build.0 = Release|Any CPU
		{067456C0-086C-46A8-B37F-1405717B7BFC}.Release|x64.ActiveCfg = Release|Any CPU
		{067456C0-086C-46A8-B37F-1405717B7BFC}.Release|x64.Build.0 = Release|Any CPU
		{067456C0-086C-46A8-B37F-1405717B7BFC}.Release|x86.ActiveCfg = Release|Any CPU
		{067456C0-086C-46A8-B37F-1405717B7BFC}.Release|x86.Build.0 = Release|Any CPU
	EndGlobalSection
	GlobalSection(SolutionProperties) = preSolution
		HideSolutionNode = FALSE
	EndGlobalSection
EndGlobal
